// !$*UTF8*$!
{
	archiveVersion = 1;
	classes = {
	};
	objectVersion = 56;
	objects = {

/* Begin PBXBuildFile section */
		7506ECC72C61ED9800E1D497 /* EarthquakesApp.swift in Sources */ = {isa = PBXBuildFile; fileRef = 7506ECC62C61ED9800E1D497 /* EarthquakesApp.swift */; };
		7506ECCB2C61ED9A00E1D497 /* Assets.xcassets in Resources */ = {isa = PBXBuildFile; fileRef = 7506ECCA2C61ED9A00E1D497 /* Assets.xcassets */; };
		7506ECCE2C61ED9A00E1D497 /* Preview Assets.xcassets in Resources */ = {isa = PBXBuildFile; fileRef = 7506ECCD2C61ED9A00E1D497 /* Preview Assets.xcassets */; };
		7506ECD82C61EDE100E1D497 /* Quake.swift in Sources */ = {isa = PBXBuildFile; fileRef = 7506ECD72C61EDE100E1D497 /* Quake.swift */; };
		7506ECDA2C61EEAE00E1D497 /* QuakeError.swift in Sources */ = {isa = PBXBuildFile; fileRef = 7506ECD92C61EEAE00E1D497 /* QuakeError.swift */; };
		7506ECE22C61EF0E00E1D497 /* EarthquakesTests.swift in Sources */ = {isa = PBXBuildFile; fileRef = 7506ECE12C61EF0E00E1D497 /* EarthquakesTests.swift */; };
		7506ECEB2C61EF7F00E1D497 /* GeoJSON.swift in Sources */ = {isa = PBXBuildFile; fileRef = 7506ECEA2C61EF7F00E1D497 /* GeoJSON.swift */; };
		7506ECED2C61F05D00E1D497 /* Quakes.swift in Sources */ = {isa = PBXBuildFile; fileRef = 7506ECEC2C61F05D00E1D497 /* Quakes.swift */; };
		754292CB2C61F343006BA18E /* QuakeLocation.swift in Sources */ = {isa = PBXBuildFile; fileRef = 754292CA2C61F343006BA18E /* QuakeLocation.swift */; };
		754292CD2C6247AE006BA18E /* HTTPDataDownloader.swift in Sources */ = {isa = PBXBuildFile; fileRef = 754292CC2C6247AE006BA18E /* HTTPDataDownloader.swift */; };
		754292CF2C624B29006BA18E /* QuakeClient.swift in Sources */ = {isa = PBXBuildFile; fileRef = 754292CE2C624B29006BA18E /* QuakeClient.swift */; };
		754292D12C624C8F006BA18E /* QuakesProvider.swift in Sources */ = {isa = PBXBuildFile; fileRef = 754292D02C624C8F006BA18E /* QuakesProvider.swift */; };
		754292D22C624CE7006BA18E /* TestData.swift in Sources */ = {isa = PBXBuildFile; fileRef = 7506ECE82C61EF2500E1D497 /* TestData.swift */; };
		754292D42C624CF9006BA18E /* TestDownloader.swift in Sources */ = {isa = PBXBuildFile; fileRef = 754292D32C624CF9006BA18E /* TestDownloader.swift */; };
		754292D62C624F98006BA18E /* Quake+Color.swift in Sources */ = {isa = PBXBuildFile; fileRef = 754292D52C624F98006BA18E /* Quake+Color.swift */; };
		754292D92C62513F006BA18E /* SelectButton.swift in Sources */ = {isa = PBXBuildFile; fileRef = 754292D82C62513F006BA18E /* SelectButton.swift */; };
		754292DB2C625323006BA18E /* DeleteButton.swift in Sources */ = {isa = PBXBuildFile; fileRef = 754292DA2C625323006BA18E /* DeleteButton.swift */; };
		754292DD2C62560F006BA18E /* EditButton.swift in Sources */ = {isa = PBXBuildFile; fileRef = 754292DC2C62560F006BA18E /* EditButton.swift */; };
		754292DF2C62571E006BA18E /* Quakes+Toolbar.swift in Sources */ = {isa = PBXBuildFile; fileRef = 754292DE2C62571E006BA18E /* Quakes+Toolbar.swift */; };
		754292E12C62582D006BA18E /* RefreshButton.swift in Sources */ = {isa = PBXBuildFile; fileRef = 754292E02C62582D006BA18E /* RefreshButton.swift */; };
		754292E32C6258CE006BA18E /* ToolbarStatus.swift in Sources */ = {isa = PBXBuildFile; fileRef = 754292E22C6258CD006BA18E /* ToolbarStatus.swift */; };
		754292E52C6259FE006BA18E /* QuakeRow.swift in Sources */ = {isa = PBXBuildFile; fileRef = 754292E42C6259FE006BA18E /* QuakeRow.swift */; };
		754292E72C625A36006BA18E /* QuakeMagnitude.swift in Sources */ = {isa = PBXBuildFile; fileRef = 754292E62C625A36006BA18E /* QuakeMagnitude.swift */; };
		754292E92C62613F006BA18E /* CacheEntryObject.swift in Sources */ = {isa = PBXBuildFile; fileRef = 754292E82C62613F006BA18E /* CacheEntryObject.swift */; };
		754292EB2C626195006BA18E /* NsCache+Subscript.swift in Sources */ = {isa = PBXBuildFile; fileRef = 754292EA2C626195006BA18E /* NsCache+Subscript.swift */; };
		754292ED2C62636B006BA18E /* Quake+Preview.swift in Sources */ = {isa = PBXBuildFile; fileRef = 754292EC2C62636B006BA18E /* Quake+Preview.swift */; };
		754292EF2C626456006BA18E /* QuakeDetail.swift in Sources */ = {isa = PBXBuildFile; fileRef = 754292EE2C626456006BA18E /* QuakeDetail.swift */; };
		754292F12C626496006BA18E /* QuakeDetailMap.swift in Sources */ = {isa = PBXBuildFile; fileRef = 754292F02C626496006BA18E /* QuakeDetailMap.swift */; };
/* End PBXBuildFile section */

/* Begin PBXContainerItemProxy section */
		7506ECE32C61EF0E00E1D497 /* PBXContainerItemProxy */ = {
			isa = PBXContainerItemProxy;
			containerPortal = 7506ECBB2C61ED9800E1D497 /* Project object */;
			proxyType = 1;
			remoteGlobalIDString = 7506ECC22C61ED9800E1D497;
			remoteInfo = Earthquakes;
		};
/* End PBXContainerItemProxy section */

/* Begin PBXFileReference section */
		7506ECC32C61ED9800E1D497 /* Earthquakes.app */ = {isa = PBXFileReference; explicitFileType = wrapper.application; includeInIndex = 0; path = Earthquakes.app; sourceTree = BUILT_PRODUCTS_DIR; };
		7506ECC62C61ED9800E1D497 /* EarthquakesApp.swift */ = {isa = PBXFileReference; lastKnownFileType = sourcecode.swift; path = EarthquakesApp.swift; sourceTree = "<group>"; };
		7506ECCA2C61ED9A00E1D497 /* Assets.xcassets */ = {isa = PBXFileReference; lastKnownFileType = folder.assetcatalog; path = Assets.xcassets; sourceTree = "<group>"; };
		7506ECCD2C61ED9A00E1D497 /* Preview Assets.xcassets */ = {isa = PBXFileReference; lastKnownFileType = folder.assetcatalog; path = "Preview Assets.xcassets"; sourceTree = "<group>"; };
		7506ECD72C61EDE100E1D497 /* Quake.swift */ = {isa = PBXFileReference; lastKnownFileType = sourcecode.swift; path = Quake.swift; sourceTree = "<group>"; };
		7506ECD92C61EEAE00E1D497 /* QuakeError.swift */ = {isa = PBXFileReference; lastKnownFileType = sourcecode.swift; path = QuakeError.swift; sourceTree = "<group>"; };
		7506ECDF2C61EF0E00E1D497 /* EarthquakesTests.xctest */ = {isa = PBXFileReference; explicitFileType = wrapper.cfbundle; includeInIndex = 0; path = EarthquakesTests.xctest; sourceTree = BUILT_PRODUCTS_DIR; };
		7506ECE12C61EF0E00E1D497 /* EarthquakesTests.swift */ = {isa = PBXFileReference; lastKnownFileType = sourcecode.swift; path = EarthquakesTests.swift; sourceTree = "<group>"; };
		7506ECE82C61EF2500E1D497 /* TestData.swift */ = {isa = PBXFileReference; lastKnownFileType = sourcecode.swift; path = TestData.swift; sourceTree = "<group>"; };
		7506ECEA2C61EF7F00E1D497 /* GeoJSON.swift */ = {isa = PBXFileReference; lastKnownFileType = sourcecode.swift; path = GeoJSON.swift; sourceTree = "<group>"; };
		7506ECEC2C61F05D00E1D497 /* Quakes.swift */ = {isa = PBXFileReference; lastKnownFileType = sourcecode.swift; path = Quakes.swift; sourceTree = "<group>"; };
		754292CA2C61F343006BA18E /* QuakeLocation.swift */ = {isa = PBXFileReference; lastKnownFileType = sourcecode.swift; path = QuakeLocation.swift; sourceTree = "<group>"; };
		754292CC2C6247AE006BA18E /* HTTPDataDownloader.swift */ = {isa = PBXFileReference; lastKnownFileType = sourcecode.swift; path = HTTPDataDownloader.swift; sourceTree = "<group>"; };
		754292CE2C624B29006BA18E /* QuakeClient.swift */ = {isa = PBXFileReference; lastKnownFileType = sourcecode.swift; path = QuakeClient.swift; sourceTree = "<group>"; };
		754292D02C624C8F006BA18E /* QuakesProvider.swift */ = {isa = PBXFileReference; lastKnownFileType = sourcecode.swift; path = QuakesProvider.swift; sourceTree = "<group>"; };
		754292D32C624CF9006BA18E /* TestDownloader.swift */ = {isa = PBXFileReference; lastKnownFileType = sourcecode.swift; path = TestDownloader.swift; sourceTree = "<group>"; };
		754292D52C624F98006BA18E /* Quake+Color.swift */ = {isa = PBXFileReference; lastKnownFileType = sourcecode.swift; path = "Quake+Color.swift"; sourceTree = "<group>"; };
		754292D82C62513F006BA18E /* SelectButton.swift */ = {isa = PBXFileReference; lastKnownFileType = sourcecode.swift; path = SelectButton.swift; sourceTree = "<group>"; };
		754292DA2C625323006BA18E /* DeleteButton.swift */ = {isa = PBXFileReference; lastKnownFileType = sourcecode.swift; path = DeleteButton.swift; sourceTree = "<group>"; };
		754292DC2C62560F006BA18E /* EditButton.swift */ = {isa = PBXFileReference; lastKnownFileType = sourcecode.swift; path = EditButton.swift; sourceTree = "<group>"; };
		754292DE2C62571E006BA18E /* Quakes+Toolbar.swift */ = {isa = PBXFileReference; lastKnownFileType = sourcecode.swift; path = "Quakes+Toolbar.swift"; sourceTree = "<group>"; };
		754292E02C62582D006BA18E /* RefreshButton.swift */ = {isa = PBXFileReference; lastKnownFileType = sourcecode.swift; path = RefreshButton.swift; sourceTree = "<group>"; };
		754292E22C6258CD006BA18E /* ToolbarStatus.swift */ = {isa = PBXFileReference; lastKnownFileType = sourcecode.swift; path = ToolbarStatus.swift; sourceTree = "<group>"; };
		754292E42C6259FE006BA18E /* QuakeRow.swift */ = {isa = PBXFileReference; lastKnownFileType = sourcecode.swift; path = QuakeRow.swift; sourceTree = "<group>"; };
		754292E62C625A36006BA18E /* QuakeMagnitude.swift */ = {isa = PBXFileReference; lastKnownFileType = sourcecode.swift; path = QuakeMagnitude.swift; sourceTree = "<group>"; };
		754292E82C62613F006BA18E /* CacheEntryObject.swift */ = {isa = PBXFileReference; lastKnownFileType = sourcecode.swift; path = CacheEntryObject.swift; sourceTree = "<group>"; };
		754292EA2C626195006BA18E /* NsCache+Subscript.swift */ = {isa = PBXFileReference; lastKnownFileType = sourcecode.swift; path = "NsCache+Subscript.swift"; sourceTree = "<group>"; };
		754292EC2C62636B006BA18E /* Quake+Preview.swift */ = {isa = PBXFileReference; lastKnownFileType = sourcecode.swift; path = "Quake+Preview.swift"; sourceTree = "<group>"; };
		754292EE2C626456006BA18E /* QuakeDetail.swift */ = {isa = PBXFileReference; lastKnownFileType = sourcecode.swift; name = QuakeDetail.swift; path = "Earthquakes/Preview Content/QuakeDetail.swift"; sourceTree = SOURCE_ROOT; };
		754292F02C626496006BA18E /* QuakeDetailMap.swift */ = {isa = PBXFileReference; lastKnownFileType = sourcecode.swift; path = QuakeDetailMap.swift; sourceTree = "<group>"; };
/* End PBXFileReference section */

/* Begin PBXFrameworksBuildPhase section */
		7506ECC02C61ED9800E1D497 /* Frameworks */ = {
			isa = PBXFrameworksBuildPhase;
			buildActionMask = 2147483647;
			files = (
			);
			runOnlyForDeploymentPostprocessing = 0;
		};
		7506ECDC2C61EF0E00E1D497 /* Frameworks */ = {
			isa = PBXFrameworksBuildPhase;
			buildActionMask = 2147483647;
			files = (
			);
			runOnlyForDeploymentPostprocessing = 0;
		};
/* End PBXFrameworksBuildPhase section */

/* Begin PBXGroup section */
		7506ECBA2C61ED9800E1D497 = {
			isa = PBXGroup;
			children = (
				7506ECC52C61ED9800E1D497 /* Earthquakes */,
				7506ECE02C61EF0E00E1D497 /* EarthquakesTests */,
				7506ECC42C61ED9800E1D497 /* Products */,
			);
			sourceTree = "<group>";
		};
		7506ECC42C61ED9800E1D497 /* Products */ = {
			isa = PBXGroup;
			children = (
				7506ECC32C61ED9800E1D497 /* Earthquakes.app */,
				7506ECDF2C61EF0E00E1D497 /* EarthquakesTests.xctest */,
			);
			name = Products;
			sourceTree = "<group>";
		};
		7506ECC52C61ED9800E1D497 /* Earthquakes */ = {
			isa = PBXGroup;
			children = (
				7506ECC62C61ED9800E1D497 /* EarthquakesApp.swift */,
				7506ECD42C61EDA700E1D497 /* Models */,
				7506ECD52C61EDBB00E1D497 /* Views */,
				7506ECD62C61EDC200E1D497 /* Resources */,
				7506ECCA2C61ED9A00E1D497 /* Assets.xcassets */,
				7506ECCC2C61ED9A00E1D497 /* Preview Content */,
			);
			path = Earthquakes;
			sourceTree = "<group>";
		};
		7506ECCC2C61ED9A00E1D497 /* Preview Content */ = {
			isa = PBXGroup;
			children = (
				7506ECE82C61EF2500E1D497 /* TestData.swift */,
				754292D32C624CF9006BA18E /* TestDownloader.swift */,
				7506ECCD2C61ED9A00E1D497 /* Preview Assets.xcassets */,
				754292EC2C62636B006BA18E /* Quake+Preview.swift */,
			);
			path = "Preview Content";
			sourceTree = "<group>";
		};
		7506ECD42C61EDA700E1D497 /* Models */ = {
			isa = PBXGroup;
			children = (
				7506ECD72C61EDE100E1D497 /* Quake.swift */,
				7506ECD92C61EEAE00E1D497 /* QuakeError.swift */,
				7506ECEA2C61EF7F00E1D497 /* GeoJSON.swift */,
				754292CA2C61F343006BA18E /* QuakeLocation.swift */,
				754292CC2C6247AE006BA18E /* HTTPDataDownloader.swift */,
				754292CE2C624B29006BA18E /* QuakeClient.swift */,
				754292D02C624C8F006BA18E /* QuakesProvider.swift */,
				754292D52C624F98006BA18E /* Quake+Color.swift */,
				754292E82C62613F006BA18E /* CacheEntryObject.swift */,
				754292EA2C626195006BA18E /* NsCache+Subscript.swift */,
			);
			path = Models;
			sourceTree = "<group>";
		};
		7506ECD52C61EDBB00E1D497 /* Views */ = {
			isa = PBXGroup;
			children = (
				7506ECEC2C61F05D00E1D497 /* Quakes.swift */,
				754292E42C6259FE006BA18E /* QuakeRow.swift */,
				754292E62C625A36006BA18E /* QuakeMagnitude.swift */,
				754292EE2C626456006BA18E /* QuakeDetail.swift */,
				754292F02C626496006BA18E /* QuakeDetailMap.swift */,
				754292D72C625111006BA18E /* ToolbarContent */,
			);
			path = Views;
			sourceTree = "<group>";
		};
		7506ECD62C61EDC200E1D497 /* Resources */ = {
			isa = PBXGroup;
			children = (
			);
			path = Resources;
			sourceTree = "<group>";
		};
		7506ECE02C61EF0E00E1D497 /* EarthquakesTests */ = {
			isa = PBXGroup;
			children = (
				7506ECE12C61EF0E00E1D497 /* EarthquakesTests.swift */,
			);
			path = EarthquakesTests;
			sourceTree = "<group>";
		};
		754292D72C625111006BA18E /* ToolbarContent */ = {
			isa = PBXGroup;
			children = (
				754292D82C62513F006BA18E /* SelectButton.swift */,
				754292DA2C625323006BA18E /* DeleteButton.swift */,
				754292DC2C62560F006BA18E /* EditButton.swift */,
				754292DE2C62571E006BA18E /* Quakes+Toolbar.swift */,
				754292E02C62582D006BA18E /* RefreshButton.swift */,
				754292E22C6258CD006BA18E /* ToolbarStatus.swift */,
			);
			path = ToolbarContent;
			sourceTree = "<group>";
		};
/* End PBXGroup section */

/* Begin PBXNativeTarget section */
		7506ECC22C61ED9800E1D497 /* Earthquakes */ = {
			isa = PBXNativeTarget;
			buildConfigurationList = 7506ECD12C61ED9A00E1D497 /* Build configuration list for PBXNativeTarget "Earthquakes" */;
			buildPhases = (
				7506ECBF2C61ED9800E1D497 /* Sources */,
				7506ECC02C61ED9800E1D497 /* Frameworks */,
				7506ECC12C61ED9800E1D497 /* Resources */,
			);
			buildRules = (
			);
			dependencies = (
			);
			name = Earthquakes;
			productName = Earthquakes;
			productReference = 7506ECC32C61ED9800E1D497 /* Earthquakes.app */;
			productType = "com.apple.product-type.application";
		};
		7506ECDE2C61EF0E00E1D497 /* EarthquakesTests */ = {
			isa = PBXNativeTarget;
			buildConfigurationList = 7506ECE52C61EF0E00E1D497 /* Build configuration list for PBXNativeTarget "EarthquakesTests" */;
			buildPhases = (
				7506ECDB2C61EF0E00E1D497 /* Sources */,
				7506ECDC2C61EF0E00E1D497 /* Frameworks */,
				7506ECDD2C61EF0E00E1D497 /* Resources */,
			);
			buildRules = (
			);
			dependencies = (
				7506ECE42C61EF0E00E1D497 /* PBXTargetDependency */,
			);
			name = EarthquakesTests;
			productName = EarthquakesTests;
			productReference = 7506ECDF2C61EF0E00E1D497 /* EarthquakesTests.xctest */;
			productType = "com.apple.product-type.bundle.unit-test";
		};
/* End PBXNativeTarget section */

/* Begin PBXProject section */
		7506ECBB2C61ED9800E1D497 /* Project object */ = {
			isa = PBXProject;
			attributes = {
				BuildIndependentTargetsInParallel = 1;
				LastSwiftUpdateCheck = 1540;
				LastUpgradeCheck = 1540;
				TargetAttributes = {
					7506ECC22C61ED9800E1D497 = {
						CreatedOnToolsVersion = 15.4;
					};
					7506ECDE2C61EF0E00E1D497 = {
						CreatedOnToolsVersion = 15.4;
						TestTargetID = 7506ECC22C61ED9800E1D497;
					};
				};
			};
			buildConfigurationList = 7506ECBE2C61ED9800E1D497 /* Build configuration list for PBXProject "Earthquakes" */;
			compatibilityVersion = "Xcode 14.0";
			developmentRegion = en;
			hasScannedForEncodings = 0;
			knownRegions = (
				en,
				Base,
			);
			mainGroup = 7506ECBA2C61ED9800E1D497;
			productRefGroup = 7506ECC42C61ED9800E1D497 /* Products */;
			projectDirPath = "";
			projectRoot = "";
			targets = (
				7506ECC22C61ED9800E1D497 /* Earthquakes */,
				7506ECDE2C61EF0E00E1D497 /* EarthquakesTests */,
			);
		};
/* End PBXProject section */

/* Begin PBXResourcesBuildPhase section */
		7506ECC12C61ED9800E1D497 /* Resources */ = {
			isa = PBXResourcesBuildPhase;
			buildActionMask = 2147483647;
			files = (
				7506ECCE2C61ED9A00E1D497 /* Preview Assets.xcassets in Resources */,
				7506ECCB2C61ED9A00E1D497 /* Assets.xcassets in Resources */,
			);
			runOnlyForDeploymentPostprocessing = 0;
		};
		7506ECDD2C61EF0E00E1D497 /* Resources */ = {
			isa = PBXResourcesBuildPhase;
			buildActionMask = 2147483647;
			files = (
			);
			runOnlyForDeploymentPostprocessing = 0;
		};
/* End PBXResourcesBuildPhase section */

/* Begin PBXSourcesBuildPhase section */
		7506ECBF2C61ED9800E1D497 /* Sources */ = {
			isa = PBXSourcesBuildPhase;
			buildActionMask = 2147483647;
			files = (
				754292E72C625A36006BA18E /* QuakeMagnitude.swift in Sources */,
				754292D12C624C8F006BA18E /* QuakesProvider.swift in Sources */,
				754292D62C624F98006BA18E /* Quake+Color.swift in Sources */,
				754292E12C62582D006BA18E /* RefreshButton.swift in Sources */,
				7506ECEB2C61EF7F00E1D497 /* GeoJSON.swift in Sources */,
				754292F12C626496006BA18E /* QuakeDetailMap.swift in Sources */,
				754292CD2C6247AE006BA18E /* HTTPDataDownloader.swift in Sources */,
				754292DB2C625323006BA18E /* DeleteButton.swift in Sources */,
				754292EB2C626195006BA18E /* NsCache+Subscript.swift in Sources */,
				754292E92C62613F006BA18E /* CacheEntryObject.swift in Sources */,
				754292D22C624CE7006BA18E /* TestData.swift in Sources */,
				754292E32C6258CE006BA18E /* ToolbarStatus.swift in Sources */,
				754292CF2C624B29006BA18E /* QuakeClient.swift in Sources */,
				754292DF2C62571E006BA18E /* Quakes+Toolbar.swift in Sources */,
				754292E52C6259FE006BA18E /* QuakeRow.swift in Sources */,
				7506ECDA2C61EEAE00E1D497 /* QuakeError.swift in Sources */,
				754292ED2C62636B006BA18E /* Quake+Preview.swift in Sources */,
				754292CB2C61F343006BA18E /* QuakeLocation.swift in Sources */,
				7506ECD82C61EDE100E1D497 /* Quake.swift in Sources */,
				754292DD2C62560F006BA18E /* EditButton.swift in Sources */,
				754292D92C62513F006BA18E /* SelectButton.swift in Sources */,
				754292D42C624CF9006BA18E /* TestDownloader.swift in Sources */,
				7506ECC72C61ED9800E1D497 /* EarthquakesApp.swift in Sources */,
				754292EF2C626456006BA18E /* QuakeDetail.swift in Sources */,
				7506ECED2C61F05D00E1D497 /* Quakes.swift in Sources */,
			);
			runOnlyForDeploymentPostprocessing = 0;
		};
		7506ECDB2C61EF0E00E1D497 /* Sources */ = {
			isa = PBXSourcesBuildPhase;
			buildActionMask = 2147483647;
			files = (
				7506ECE22C61EF0E00E1D497 /* EarthquakesTests.swift in Sources */,
			);
			runOnlyForDeploymentPostprocessing = 0;
		};
/* End PBXSourcesBuildPhase section */

/* Begin PBXTargetDependency section */
		7506ECE42C61EF0E00E1D497 /* PBXTargetDependency */ = {
			isa = PBXTargetDependency;
			target = 7506ECC22C61ED9800E1D497 /* Earthquakes */;
			targetProxy = 7506ECE32C61EF0E00E1D497 /* PBXContainerItemProxy */;
		};
/* End PBXTargetDependency section */

/* Begin XCBuildConfiguration section */
		7506ECCF2C61ED9A00E1D497 /* Debug */ = {
			isa = XCBuildConfiguration;
			buildSettings = {
				ALWAYS_SEARCH_USER_PATHS = NO;
				ASSETCATALOG_COMPILER_GENERATE_SWIFT_ASSET_SYMBOL_EXTENSIONS = YES;
				CLANG_ANALYZER_NONNULL = YES;
				CLANG_ANALYZER_NUMBER_OBJECT_CONVERSION = YES_AGGRESSIVE;
				CLANG_CXX_LANGUAGE_STANDARD = "gnu++20";
				CLANG_ENABLE_MODULES = YES;
				CLANG_ENABLE_OBJC_ARC = YES;
				CLANG_ENABLE_OBJC_WEAK = YES;
				CLANG_WARN_BLOCK_CAPTURE_AUTORELEASING = YES;
				CLANG_WARN_BOOL_CONVERSION = YES;
				CLANG_WARN_COMMA = YES;
				CLANG_WARN_CONSTANT_CONVERSION = YES;
				CLANG_WARN_DEPRECATED_OBJC_IMPLEMENTATIONS = YES;
				CLANG_WARN_DIRECT_OBJC_ISA_USAGE = YES_ERROR;
				CLANG_WARN_DOCUMENTATION_COMMENTS = YES;
				CLANG_WARN_EMPTY_BODY = YES;
				CLANG_WARN_ENUM_CONVERSION = YES;
				CLANG_WARN_INFINITE_RECURSION = YES;
				CLANG_WARN_INT_CONVERSION = YES;
				CLANG_WARN_NON_LITERAL_NULL_CONVERSION = YES;
				CLANG_WARN_OBJC_IMPLICIT_RETAIN_SELF = YES;
				CLANG_WARN_OBJC_LITERAL_CONVERSION = YES;
				CLANG_WARN_OBJC_ROOT_CLASS = YES_ERROR;
				CLANG_WARN_QUOTED_INCLUDE_IN_FRAMEWORK_HEADER = YES;
				CLANG_WARN_RANGE_LOOP_ANALYSIS = YES;
				CLANG_WARN_STRICT_PROTOTYPES = YES;
				CLANG_WARN_SUSPICIOUS_MOVE = YES;
				CLANG_WARN_UNGUARDED_AVAILABILITY = YES_AGGRESSIVE;
				CLANG_WARN_UNREACHABLE_CODE = YES;
				CLANG_WARN__DUPLICATE_METHOD_MATCH = YES;
				COPY_PHASE_STRIP = NO;
				DEBUG_INFORMATION_FORMAT = dwarf;
				ENABLE_STRICT_OBJC_MSGSEND = YES;
				ENABLE_TESTABILITY = YES;
				ENABLE_USER_SCRIPT_SANDBOXING = YES;
				GCC_C_LANGUAGE_STANDARD = gnu17;
				GCC_DYNAMIC_NO_PIC = NO;
				GCC_NO_COMMON_BLOCKS = YES;
				GCC_OPTIMIZATION_LEVEL = 0;
				GCC_PREPROCESSOR_DEFINITIONS = (
					"DEBUG=1",
					"$(inherited)",
				);
				GCC_WARN_64_TO_32_BIT_CONVERSION = YES;
				GCC_WARN_ABOUT_RETURN_TYPE = YES_ERROR;
				GCC_WARN_UNDECLARED_SELECTOR = YES;
				GCC_WARN_UNINITIALIZED_AUTOS = YES_AGGRESSIVE;
				GCC_WARN_UNUSED_FUNCTION = YES;
				GCC_WARN_UNUSED_VARIABLE = YES;
				IPHONEOS_DEPLOYMENT_TARGET = 17.5;
				LOCALIZATION_PREFERS_STRING_CATALOGS = YES;
				MTL_ENABLE_DEBUG_INFO = INCLUDE_SOURCE;
				MTL_FAST_MATH = YES;
				ONLY_ACTIVE_ARCH = YES;
				SDKROOT = iphoneos;
				SWIFT_ACTIVE_COMPILATION_CONDITIONS = "DEBUG $(inherited)";
				SWIFT_OPTIMIZATION_LEVEL = "-Onone";
			};
			name = Debug;
		};
		7506ECD02C61ED9A00E1D497 /* Release */ = {
			isa = XCBuildConfiguration;
			buildSettings = {
				ALWAYS_SEARCH_USER_PATHS = NO;
				ASSETCATALOG_COMPILER_GENERATE_SWIFT_ASSET_SYMBOL_EXTENSIONS = YES;
				CLANG_ANALYZER_NONNULL = YES;
				CLANG_ANALYZER_NUMBER_OBJECT_CONVERSION = YES_AGGRESSIVE;
				CLANG_CXX_LANGUAGE_STANDARD = "gnu++20";
				CLANG_ENABLE_MODULES = YES;
				CLANG_ENABLE_OBJC_ARC = YES;
				CLANG_ENABLE_OBJC_WEAK = YES;
				CLANG_WARN_BLOCK_CAPTURE_AUTORELEASING = YES;
				CLANG_WARN_BOOL_CONVERSION = YES;
				CLANG_WARN_COMMA = YES;
				CLANG_WARN_CONSTANT_CONVERSION = YES;
				CLANG_WARN_DEPRECATED_OBJC_IMPLEMENTATIONS = YES;
				CLANG_WARN_DIRECT_OBJC_ISA_USAGE = YES_ERROR;
				CLANG_WARN_DOCUMENTATION_COMMENTS = YES;
				CLANG_WARN_EMPTY_BODY = YES;
				CLANG_WARN_ENUM_CONVERSION = YES;
				CLANG_WARN_INFINITE_RECURSION = YES;
				CLANG_WARN_INT_CONVERSION = YES;
				CLANG_WARN_NON_LITERAL_NULL_CONVERSION = YES;
				CLANG_WARN_OBJC_IMPLICIT_RETAIN_SELF = YES;
				CLANG_WARN_OBJC_LITERAL_CONVERSION = YES;
				CLANG_WARN_OBJC_ROOT_CLASS = YES_ERROR;
				CLANG_WARN_QUOTED_INCLUDE_IN_FRAMEWORK_HEADER = YES;
				CLANG_WARN_RANGE_LOOP_ANALYSIS = YES;
				CLANG_WARN_STRICT_PROTOTYPES = YES;
				CLANG_WARN_SUSPICIOUS_MOVE = YES;
				CLANG_WARN_UNGUARDED_AVAILABILITY = YES_AGGRESSIVE;
				CLANG_WARN_UNREACHABLE_CODE = YES;
				CLANG_WARN__DUPLICATE_METHOD_MATCH = YES;
				COPY_PHASE_STRIP = NO;
				DEBUG_INFORMATION_FORMAT = "dwarf-with-dsym";
				ENABLE_NS_ASSERTIONS = NO;
				ENABLE_STRICT_OBJC_MSGSEND = YES;
				ENABLE_USER_SCRIPT_SANDBOXING = YES;
				GCC_C_LANGUAGE_STANDARD = gnu17;
				GCC_NO_COMMON_BLOCKS = YES;
				GCC_WARN_64_TO_32_BIT_CONVERSION = YES;
				GCC_WARN_ABOUT_RETURN_TYPE = YES_ERROR;
				GCC_WARN_UNDECLARED_SELECTOR = YES;
				GCC_WARN_UNINITIALIZED_AUTOS = YES_AGGRESSIVE;
				GCC_WARN_UNUSED_FUNCTION = YES;
				GCC_WARN_UNUSED_VARIABLE = YES;
				IPHONEOS_DEPLOYMENT_TARGET = 17.5;
				LOCALIZATION_PREFERS_STRING_CATALOGS = YES;
				MTL_ENABLE_DEBUG_INFO = NO;
				MTL_FAST_MATH = YES;
				SDKROOT = iphoneos;
				SWIFT_COMPILATION_MODE = wholemodule;
				VALIDATE_PRODUCT = YES;
			};
			name = Release;
		};
		7506ECD22C61ED9A00E1D497 /* Debug */ = {
			isa = XCBuildConfiguration;
			buildSettings = {
				ASSETCATALOG_COMPILER_APPICON_NAME = AppIcon;
				ASSETCATALOG_COMPILER_GLOBAL_ACCENT_COLOR_NAME = AccentColor;
				CODE_SIGN_STYLE = Automatic;
				CURRENT_PROJECT_VERSION = 1;
				DEVELOPMENT_ASSET_PATHS = "\"Earthquakes/Preview Content\"";
				ENABLE_PREVIEWS = YES;
				GENERATE_INFOPLIST_FILE = YES;
				INFOPLIST_KEY_UIApplicationSceneManifest_Generation = YES;
				INFOPLIST_KEY_UIApplicationSupportsIndirectInputEvents = YES;
				INFOPLIST_KEY_UILaunchScreen_Generation = YES;
				INFOPLIST_KEY_UISupportedInterfaceOrientations_iPad = "UIInterfaceOrientationPortrait UIInterfaceOrientationPortraitUpsideDown UIInterfaceOrientationLandscapeLeft UIInterfaceOrientationLandscapeRight";
				INFOPLIST_KEY_UISupportedInterfaceOrientations_iPhone = "UIInterfaceOrientationPortrait UIInterfaceOrientationLandscapeLeft UIInterfaceOrientationLandscapeRight";
				LD_RUNPATH_SEARCH_PATHS = (
					"$(inherited)",
					"@executable_path/Frameworks",
				);
				MARKETING_VERSION = 1.0;
				PRODUCT_BUNDLE_IDENTIFIER = com.yeonyeon.Earthquakes;
				PRODUCT_NAME = "$(TARGET_NAME)";
				SWIFT_EMIT_LOC_STRINGS = YES;
				SWIFT_VERSION = 5.0;
				TARGETED_DEVICE_FAMILY = "1,2";
			};
			name = Debug;
		};
		7506ECD32C61ED9A00E1D497 /* Release */ = {
			isa = XCBuildConfiguration;
			buildSettings = {
				ASSETCATALOG_COMPILER_APPICON_NAME = AppIcon;
				ASSETCATALOG_COMPILER_GLOBAL_ACCENT_COLOR_NAME = AccentColor;
				CODE_SIGN_STYLE = Automatic;
				CURRENT_PROJECT_VERSION = 1;
				DEVELOPMENT_ASSET_PATHS = "\"Earthquakes/Preview Content\"";
				ENABLE_PREVIEWS = YES;
				GENERATE_INFOPLIST_FILE = YES;
				INFOPLIST_KEY_UIApplicationSceneManifest_Generation = YES;
				INFOPLIST_KEY_UIApplicationSupportsIndirectInputEvents = YES;
				INFOPLIST_KEY_UILaunchScreen_Generation = YES;
				INFOPLIST_KEY_UISupportedInterfaceOrientations_iPad = "UIInterfaceOrientationPortrait UIInterfaceOrientationPortraitUpsideDown UIInterfaceOrientationLandscapeLeft UIInterfaceOrientationLandscapeRight";
				INFOPLIST_KEY_UISupportedInterfaceOrientations_iPhone = "UIInterfaceOrientationPortrait UIInterfaceOrientationLandscapeLeft UIInterfaceOrientationLandscapeRight";
				LD_RUNPATH_SEARCH_PATHS = (
					"$(inherited)",
					"@executable_path/Frameworks",
				);
				MARKETING_VERSION = 1.0;
				PRODUCT_BUNDLE_IDENTIFIER = com.yeonyeon.Earthquakes;
				PRODUCT_NAME = "$(TARGET_NAME)";
				SWIFT_EMIT_LOC_STRINGS = YES;
				SWIFT_VERSION = 5.0;
				TARGETED_DEVICE_FAMILY = "1,2";
			};
			name = Release;
		};
		7506ECE62C61EF0E00E1D497 /* Debug */ = {
			isa = XCBuildConfiguration;
			buildSettings = {
				BUNDLE_LOADER = "$(TEST_HOST)";
				CODE_SIGN_STYLE = Automatic;
				CURRENT_PROJECT_VERSION = 1;
				GENERATE_INFOPLIST_FILE = YES;
				MARKETING_VERSION = 1.0;
				PRODUCT_BUNDLE_IDENTIFIER = com.yeonyeon.EarthquakesTests;
				PRODUCT_NAME = "$(TARGET_NAME)";
				SWIFT_EMIT_LOC_STRINGS = NO;
				SWIFT_VERSION = 5.0;
				TARGETED_DEVICE_FAMILY = "1,2";
				TEST_HOST = "$(BUILT_PRODUCTS_DIR)/Earthquakes.app/$(BUNDLE_EXECUTABLE_FOLDER_PATH)/Earthquakes";
			};
			name = Debug;
		};
		7506ECE72C61EF0E00E1D497 /* Release */ = {
			isa = XCBuildConfiguration;
			buildSettings = {
				BUNDLE_LOADER = "$(TEST_HOST)";
				CODE_SIGN_STYLE = Automatic;
				CURRENT_PROJECT_VERSION = 1;
				GENERATE_INFOPLIST_FILE = YES;
				MARKETING_VERSION = 1.0;
				PRODUCT_BUNDLE_IDENTIFIER = com.yeonyeon.EarthquakesTests;
				PRODUCT_NAME = "$(TARGET_NAME)";
				SWIFT_EMIT_LOC_STRINGS = NO;
				SWIFT_VERSION = 5.0;
				TARGETED_DEVICE_FAMILY = "1,2";
				TEST_HOST = "$(BUILT_PRODUCTS_DIR)/Earthquakes.app/$(BUNDLE_EXECUTABLE_FOLDER_PATH)/Earthquakes";
			};
			name = Release;
		};
/* End XCBuildConfiguration section */

/* Begin XCConfigurationList section */
		7506ECBE2C61ED9800E1D497 /* Build configuration list for PBXProject "Earthquakes" */ = {
			isa = XCConfigurationList;
			buildConfigurations = (
				7506ECCF2C61ED9A00E1D497 /* Debug */,
				7506ECD02C61ED9A00E1D497 /* Release */,
			);
			defaultConfigurationIsVisible = 0;
			defaultConfigurationName = Release;
		};
		7506ECD12C61ED9A00E1D497 /* Build configuration list for PBXNativeTarget "Earthquakes" */ = {
			isa = XCConfigurationList;
			buildConfigurations = (
				7506ECD22C61ED9A00E1D497 /* Debug */,
				7506ECD32C61ED9A00E1D497 /* Release */,
			);
			defaultConfigurationIsVisible = 0;
			defaultConfigurationName = Release;
		};
		7506ECE52C61EF0E00E1D497 /* Build configuration list for PBXNativeTarget "EarthquakesTests" */ = {
			isa = XCConfigurationList;
			buildConfigurations = (
				7506ECE62C61EF0E00E1D497 /* Debug */,
				7506ECE72C61EF0E00E1D497 /* Release */,
			);
			defaultConfigurationIsVisible = 0;
			defaultConfigurationName = Release;
		};
/* End XCConfigurationList section */
	};
	rootObject = 7506ECBB2C61ED9800E1D497 /* Project object */;
}
